
Microsoft Visual Studio Solution File, Format Version 12.00
# Visual Studio Version 17
VisualStudioVersion = 17.1.32421.90
MinimumVisualStudioVersion = 10.0.40219.1
Project("{9A19103F-16F7-4668-BE54-9A1E7A4F7556}") = "AzureExample", "AzureExample\AzureExample.csproj", "{910B41A7-8683-471A-8DA4-C00DBA5041F0}"
EndProject
Project("{9A19103F-16F7-4668-BE54-9A1E7A4F7556}") = "AzureExample.AzureFunction", "AzureExample.AzureFunction\AzureExample.AzureFunction.csproj", "{D3B8D7F3-F5ED-4D98-AF44-6823973FCFCA}"
EndProject
Global
	GlobalSection(SolutionConfigurationPlatforms) = preSolution
		Debug|Any CPU = Debug|Any CPU
		Release|Any CPU = Release|Any CPU
	EndGlobalSection
	GlobalSection(ProjectConfigurationPlatforms) = postSolution
		{910B41A7-8683-471A-8DA4-C00DBA5041F0}.Debug|Any CPU.ActiveCfg = Debug|Any CPU
		{910B41A7-8683-471A-8DA4-C00DBA5041F0}.Debug|Any CPU.Build.0 = Debug|Any CPU
		{910B41A7-8683-471A-8DA4-C00DBA5041F0}.Release|Any CPU.ActiveCfg = Release|Any CPU
		{910B41A7-8683-471A-8DA4-C00DBA5041F0}.Release|Any CPU.Build.0 = Release|Any CPU
		{D3B8D7F3-F5ED-4D98-AF44-6823973FCFCA}.Debug|Any CPU.ActiveCfg = Debug|Any CPU
		{D3B8D7F3-F5ED-4D98-AF44-6823973FCFCA}.Debug|Any CPU.Build.0 = Debug|Any CPU
		{D3B8D7F3-F5ED-4D98-AF44-6823973FCFCA}.Release|Any CPU.ActiveCfg = Release|Any CPU
		{D3B8D7F3-F5ED-4D98-AF44-6823973FCFCA}.Release|Any CPU.Build.0 = Release|Any CPU
	EndGlobalSection
	GlobalSection(SolutionProperties) = preSolution
		HideSolutionNode = FALSE
	EndGlobalSection
	GlobalSection(ExtensibilityGlobals) = postSolution
		SolutionGuid = {516EFF13-A8B3-499E-9E50-207AE5B1F31B}
	EndGlobalSection
EndGlobal
